
Microsoft Visual Studio Solution File, Format Version 12.00
# Visual Studio 15
VisualStudioVersion = 15.0.28307.489
MinimumVisualStudioVersion = 10.0.40219.1
Project("{FAE04EC0-301F-11D3-BF4B-00C04F79EFBC}") = "MessangerEvent", "MessangerEvent\MessangerEvent.csproj", "{FDD53299-83C1-4AED-BF09-4A3B32D1B967}"
EndProject
Global
	GlobalSection(SolutionConfigurationPlatforms) = preSolution
		Debug|Any CPU = Debug|Any CPU
		Release|Any CPU = Release|Any CPU
	EndGlobalSection
	GlobalSection(ProjectConfigurationPlatforms) = postSolution
		{FDD53299-83C1-4AED-BF09-4A3B32D1B967}.Debug|Any CPU.ActiveCfg = Debug|Any CPU
		{FDD53299-83C1-4AED-BF09-4A3B32D1B967}.Debug|Any CPU.Build.0 = Debug|Any CPU
		{FDD53299-83C1-4AED-BF09-4A3B32D1B967}.Release|Any CPU.ActiveCfg = Release|Any CPU
		{FDD53299-83C1-4AED-BF09-4A3B32D1B967}.Release|Any CPU.Build.0 = Release|Any CPU
	EndGlobalSection
	GlobalSection(SolutionProperties) = preSolution
		HideSolutionNode = FALSE
	EndGlobalSection
	GlobalSection(ExtensibilityGlobals) = postSolution
		SolutionGuid = {023EEB66-1D23-4856-88F6-EE8F8E72A5A8}
	EndGlobalSection
EndGlobal
