
Microsoft Visual Studio Solution File, Format Version 12.00
# Visual Studio 15
VisualStudioVersion = 15.0.28307.489
MinimumVisualStudioVersion = 10.0.40219.1
Project("{FAE04EC0-301F-11D3-BF4B-00C04F79EFBC}") = "3WpfRoutedEvents", "3WpfRoutedEvents\3WpfRoutedEvents.csproj", "{916B87FC-B3F6-484C-942E-B8C094E43389}"
EndProject
Global
	GlobalSection(SolutionConfigurationPlatforms) = preSolution
		Debug|Any CPU = Debug|Any CPU
		Release|Any CPU = Release|Any CPU
	EndGlobalSection
	GlobalSection(ProjectConfigurationPlatforms) = postSolution
		{916B87FC-B3F6-484C-942E-B8C094E43389}.Debug|Any CPU.ActiveCfg = Debug|Any CPU
		{916B87FC-B3F6-484C-942E-B8C094E43389}.Debug|Any CPU.Build.0 = Debug|Any CPU
		{916B87FC-B3F6-484C-942E-B8C094E43389}.Release|Any CPU.ActiveCfg = Release|Any CPU
		{916B87FC-B3F6-484C-942E-B8C094E43389}.Release|Any CPU.Build.0 = Release|Any CPU
	EndGlobalSection
	GlobalSection(SolutionProperties) = preSolution
		HideSolutionNode = FALSE
	EndGlobalSection
	GlobalSection(ExtensibilityGlobals) = postSolution
		SolutionGuid = {055732A4-920D-4F27-88CC-EFBFDE8C47D2}
	EndGlobalSection
EndGlobal
