
Microsoft Visual Studio Solution File, Format Version 12.00
# Visual Studio Version 16
VisualStudioVersion = 16.0.29409.12
MinimumVisualStudioVersion = 10.0.40219.1
Project("{FAE04EC0-301F-11D3-BF4B-00C04F79EFBC}") = "WcfServiceLibrary", "WcfServiceLibrary\WcfServiceLibrary.csproj", "{C388D078-D0DE-41F6-BFE7-EA343F8E0154}"
EndProject
Project("{FAE04EC0-301F-11D3-BF4B-00C04F79EFBC}") = "MathWindowsServiceHost", "MathWindowsServiceHost\MathWindowsServiceHost.csproj", "{A4F3A920-8B0D-4DD2-AB4A-BB45267C995E}"
	ProjectSection(ProjectDependencies) = postProject
		{C388D078-D0DE-41F6-BFE7-EA343F8E0154} = {C388D078-D0DE-41F6-BFE7-EA343F8E0154}
	EndProjectSection
EndProject
Global
	GlobalSection(SolutionConfigurationPlatforms) = preSolution
		Debug|Any CPU = Debug|Any CPU
		Release|Any CPU = Release|Any CPU
	EndGlobalSection
	GlobalSection(ProjectConfigurationPlatforms) = postSolution
		{C388D078-D0DE-41F6-BFE7-EA343F8E0154}.Debug|Any CPU.ActiveCfg = Debug|Any CPU
		{C388D078-D0DE-41F6-BFE7-EA343F8E0154}.Debug|Any CPU.Build.0 = Debug|Any CPU
		{C388D078-D0DE-41F6-BFE7-EA343F8E0154}.Release|Any CPU.ActiveCfg = Release|Any CPU
		{C388D078-D0DE-41F6-BFE7-EA343F8E0154}.Release|Any CPU.Build.0 = Release|Any CPU
		{A4F3A920-8B0D-4DD2-AB4A-BB45267C995E}.Debug|Any CPU.ActiveCfg = Debug|Any CPU
		{A4F3A920-8B0D-4DD2-AB4A-BB45267C995E}.Debug|Any CPU.Build.0 = Debug|Any CPU
		{A4F3A920-8B0D-4DD2-AB4A-BB45267C995E}.Release|Any CPU.ActiveCfg = Release|Any CPU
		{A4F3A920-8B0D-4DD2-AB4A-BB45267C995E}.Release|Any CPU.Build.0 = Release|Any CPU
	EndGlobalSection
	GlobalSection(SolutionProperties) = preSolution
		HideSolutionNode = FALSE
	EndGlobalSection
	GlobalSection(ExtensibilityGlobals) = postSolution
		SolutionGuid = {319DF78B-9DFA-4C6A-A57F-51D34932544F}
	EndGlobalSection
EndGlobal
