
Microsoft Visual Studio Solution File, Format Version 12.00
# Visual Studio 15
VisualStudioVersion = 15.0.27703.2026
MinimumVisualStudioVersion = 10.0.40219.1
Project("{FAE04EC0-301F-11D3-BF4B-00C04F79EFBC}") = "4AddWithThreads", "4AddWithThreads\4AddWithThreads.csproj", "{4D86A886-0B73-43A6-A62E-FC318B1433D4}"
EndProject
Global
	GlobalSection(SolutionConfigurationPlatforms) = preSolution
		Debug|Any CPU = Debug|Any CPU
		Release|Any CPU = Release|Any CPU
	EndGlobalSection
	GlobalSection(ProjectConfigurationPlatforms) = postSolution
		{4D86A886-0B73-43A6-A62E-FC318B1433D4}.Debug|Any CPU.ActiveCfg = Debug|Any CPU
		{4D86A886-0B73-43A6-A62E-FC318B1433D4}.Debug|Any CPU.Build.0 = Debug|Any CPU
		{4D86A886-0B73-43A6-A62E-FC318B1433D4}.Release|Any CPU.ActiveCfg = Release|Any CPU
		{4D86A886-0B73-43A6-A62E-FC318B1433D4}.Release|Any CPU.Build.0 = Release|Any CPU
	EndGlobalSection
	GlobalSection(SolutionProperties) = preSolution
		HideSolutionNode = FALSE
	EndGlobalSection
	GlobalSection(ExtensibilityGlobals) = postSolution
		SolutionGuid = {87C2B0E7-573D-4923-A468-727168D7B555}
	EndGlobalSection
EndGlobal
