
Microsoft Visual Studio Solution File, Format Version 12.00
# Visual Studio Version 16
VisualStudioVersion = 16.0.29409.12
MinimumVisualStudioVersion = 10.0.40219.1
Project("{FAE04EC0-301F-11D3-BF4B-00C04F79EFBC}") = "MetanintWinService", "MetanintWinService\MetanintWinService.csproj", "{207A2B67-3BED-4557-A424-072F19937E1D}"
EndProject
Global
	GlobalSection(SolutionConfigurationPlatforms) = preSolution
		Debug|Any CPU = Debug|Any CPU
		Release|Any CPU = Release|Any CPU
	EndGlobalSection
	GlobalSection(ProjectConfigurationPlatforms) = postSolution
		{207A2B67-3BED-4557-A424-072F19937E1D}.Debug|Any CPU.ActiveCfg = Debug|Any CPU
		{207A2B67-3BED-4557-A424-072F19937E1D}.Debug|Any CPU.Build.0 = Debug|Any CPU
		{207A2B67-3BED-4557-A424-072F19937E1D}.Release|Any CPU.ActiveCfg = Release|Any CPU
		{207A2B67-3BED-4557-A424-072F19937E1D}.Release|Any CPU.Build.0 = Release|Any CPU
	EndGlobalSection
	GlobalSection(SolutionProperties) = preSolution
		HideSolutionNode = FALSE
	EndGlobalSection
	GlobalSection(ExtensibilityGlobals) = postSolution
		SolutionGuid = {D213BA10-9F2A-4324-A183-443BDAEDCDA9}
	EndGlobalSection
EndGlobal
