
Microsoft Visual Studio Solution File, Format Version 12.00
# Visual Studio 15
VisualStudioVersion = 15.0.28010.2036
MinimumVisualStudioVersion = 10.0.40219.1
Project("{FAE04EC0-301F-11D3-BF4B-00C04F79EFBC}") = "6-2v13", "6-2v13\6-2v13.csproj", "{BCD7CA98-1515-46E8-8C07-CF256183A336}"
EndProject
Global
	GlobalSection(SolutionConfigurationPlatforms) = preSolution
		Debug|Any CPU = Debug|Any CPU
		Release|Any CPU = Release|Any CPU
	EndGlobalSection
	GlobalSection(ProjectConfigurationPlatforms) = postSolution
		{BCD7CA98-1515-46E8-8C07-CF256183A336}.Debug|Any CPU.ActiveCfg = Debug|Any CPU
		{BCD7CA98-1515-46E8-8C07-CF256183A336}.Debug|Any CPU.Build.0 = Debug|Any CPU
		{BCD7CA98-1515-46E8-8C07-CF256183A336}.Release|Any CPU.ActiveCfg = Release|Any CPU
		{BCD7CA98-1515-46E8-8C07-CF256183A336}.Release|Any CPU.Build.0 = Release|Any CPU
	EndGlobalSection
	GlobalSection(SolutionProperties) = preSolution
		HideSolutionNode = FALSE
	EndGlobalSection
	GlobalSection(ExtensibilityGlobals) = postSolution
		SolutionGuid = {DC61D97F-C433-4213-8A9A-4D89E8C5B7DA}
	EndGlobalSection
EndGlobal
