
Microsoft Visual Studio Solution File, Format Version 12.00
# Visual Studio 15
VisualStudioVersion = 15.0.28010.2036
MinimumVisualStudioVersion = 10.0.40219.1
Project("{FAE04EC0-301F-11D3-BF4B-00C04F79EFBC}") = "AngryBirds", "AngryBirds\AngryBirds.csproj", "{B7D15E48-8BFF-459C-B3E3-D3291A52FA2C}"
EndProject
Global
	GlobalSection(SolutionConfigurationPlatforms) = preSolution
		Debug|Any CPU = Debug|Any CPU
		Release|Any CPU = Release|Any CPU
	EndGlobalSection
	GlobalSection(ProjectConfigurationPlatforms) = postSolution
		{B7D15E48-8BFF-459C-B3E3-D3291A52FA2C}.Debug|Any CPU.ActiveCfg = Debug|Any CPU
		{B7D15E48-8BFF-459C-B3E3-D3291A52FA2C}.Debug|Any CPU.Build.0 = Debug|Any CPU
		{B7D15E48-8BFF-459C-B3E3-D3291A52FA2C}.Release|Any CPU.ActiveCfg = Release|Any CPU
		{B7D15E48-8BFF-459C-B3E3-D3291A52FA2C}.Release|Any CPU.Build.0 = Release|Any CPU
	EndGlobalSection
	GlobalSection(SolutionProperties) = preSolution
		HideSolutionNode = FALSE
	EndGlobalSection
	GlobalSection(ExtensibilityGlobals) = postSolution
		SolutionGuid = {9228FF4F-D386-4F95-9113-D44650250EAE}
	EndGlobalSection
EndGlobal
