
Microsoft Visual Studio Solution File, Format Version 12.00
# Visual Studio 15
VisualStudioVersion = 15.0.28010.2036
MinimumVisualStudioVersion = 10.0.40219.1
Project("{FAE04EC0-301F-11D3-BF4B-00C04F79EFBC}") = "XamlCompanovca", "XamlCompanovca\XamlCompanovca.csproj", "{C3CCD06C-56D0-4089-9A49-7123CAAC3A0D}"
EndProject
Global
	GlobalSection(SolutionConfigurationPlatforms) = preSolution
		Debug|Any CPU = Debug|Any CPU
		Release|Any CPU = Release|Any CPU
	EndGlobalSection
	GlobalSection(ProjectConfigurationPlatforms) = postSolution
		{C3CCD06C-56D0-4089-9A49-7123CAAC3A0D}.Debug|Any CPU.ActiveCfg = Debug|Any CPU
		{C3CCD06C-56D0-4089-9A49-7123CAAC3A0D}.Debug|Any CPU.Build.0 = Debug|Any CPU
		{C3CCD06C-56D0-4089-9A49-7123CAAC3A0D}.Release|Any CPU.ActiveCfg = Release|Any CPU
		{C3CCD06C-56D0-4089-9A49-7123CAAC3A0D}.Release|Any CPU.Build.0 = Release|Any CPU
	EndGlobalSection
	GlobalSection(SolutionProperties) = preSolution
		HideSolutionNode = FALSE
	EndGlobalSection
	GlobalSection(ExtensibilityGlobals) = postSolution
		SolutionGuid = {D9FE6D18-8715-4898-A359-0AAA449A582E}
	EndGlobalSection
EndGlobal
