
Microsoft Visual Studio Solution File, Format Version 12.00
# Visual Studio Version 16
VisualStudioVersion = 16.0.29409.12
MinimumVisualStudioVersion = 10.0.40219.1
Project("{FAE04EC0-301F-11D3-BF4B-00C04F79EFBC}") = "N2LanguageFeatures", "N2LanguageFeatures\N2LanguageFeatures.csproj", "{57A49B73-B7E0-4F3A-879B-9DF88F23D837}"
EndProject
Global
	GlobalSection(SolutionConfigurationPlatforms) = preSolution
		Debug|Any CPU = Debug|Any CPU
		Release|Any CPU = Release|Any CPU
	EndGlobalSection
	GlobalSection(ProjectConfigurationPlatforms) = postSolution
		{57A49B73-B7E0-4F3A-879B-9DF88F23D837}.Debug|Any CPU.ActiveCfg = Debug|Any CPU
		{57A49B73-B7E0-4F3A-879B-9DF88F23D837}.Debug|Any CPU.Build.0 = Debug|Any CPU
		{57A49B73-B7E0-4F3A-879B-9DF88F23D837}.Release|Any CPU.ActiveCfg = Release|Any CPU
		{57A49B73-B7E0-4F3A-879B-9DF88F23D837}.Release|Any CPU.Build.0 = Release|Any CPU
	EndGlobalSection
	GlobalSection(SolutionProperties) = preSolution
		HideSolutionNode = FALSE
	EndGlobalSection
	GlobalSection(ExtensibilityGlobals) = postSolution
		SolutionGuid = {DBC7F5A3-3FEA-4D2E-B820-102E9A06E261}
	EndGlobalSection
EndGlobal
