
Microsoft Visual Studio Solution File, Format Version 12.00
# Visual Studio 15
VisualStudioVersion = 15.0.28010.2036
MinimumVisualStudioVersion = 10.0.40219.1
Project("{FAE04EC0-301F-11D3-BF4B-00C04F79EFBC}") = "3StreamWriterReaderApp", "3StreamWriterReaderApp\3StreamWriterReaderApp.csproj", "{2ED3BEA4-F4C7-42DF-BA3E-DB927B23DD83}"
EndProject
Global
	GlobalSection(SolutionConfigurationPlatforms) = preSolution
		Debug|Any CPU = Debug|Any CPU
		Release|Any CPU = Release|Any CPU
	EndGlobalSection
	GlobalSection(ProjectConfigurationPlatforms) = postSolution
		{2ED3BEA4-F4C7-42DF-BA3E-DB927B23DD83}.Debug|Any CPU.ActiveCfg = Debug|Any CPU
		{2ED3BEA4-F4C7-42DF-BA3E-DB927B23DD83}.Debug|Any CPU.Build.0 = Debug|Any CPU
		{2ED3BEA4-F4C7-42DF-BA3E-DB927B23DD83}.Release|Any CPU.ActiveCfg = Release|Any CPU
		{2ED3BEA4-F4C7-42DF-BA3E-DB927B23DD83}.Release|Any CPU.Build.0 = Release|Any CPU
	EndGlobalSection
	GlobalSection(SolutionProperties) = preSolution
		HideSolutionNode = FALSE
	EndGlobalSection
	GlobalSection(ExtensibilityGlobals) = postSolution
		SolutionGuid = {D2969E90-BA57-48AB-8CB9-A0AE20AC4DDC}
	EndGlobalSection
EndGlobal
