
Microsoft Visual Studio Solution File, Format Version 12.00
# Visual Studio 15
VisualStudioVersion = 15.0.28010.2036
MinimumVisualStudioVersion = 10.0.40219.1
Project("{FAE04EC0-301F-11D3-BF4B-00C04F79EFBC}") = "WFTestingApp1", "WFTestingApp1\WFTestingApp1.csproj", "{EBBE3870-3AED-4492-A7DE-AF59429A73BA}"
EndProject
Global
	GlobalSection(SolutionConfigurationPlatforms) = preSolution
		Debug|Any CPU = Debug|Any CPU
		Release|Any CPU = Release|Any CPU
	EndGlobalSection
	GlobalSection(ProjectConfigurationPlatforms) = postSolution
		{EBBE3870-3AED-4492-A7DE-AF59429A73BA}.Debug|Any CPU.ActiveCfg = Debug|Any CPU
		{EBBE3870-3AED-4492-A7DE-AF59429A73BA}.Debug|Any CPU.Build.0 = Debug|Any CPU
		{EBBE3870-3AED-4492-A7DE-AF59429A73BA}.Release|Any CPU.ActiveCfg = Release|Any CPU
		{EBBE3870-3AED-4492-A7DE-AF59429A73BA}.Release|Any CPU.Build.0 = Release|Any CPU
	EndGlobalSection
	GlobalSection(SolutionProperties) = preSolution
		HideSolutionNode = FALSE
	EndGlobalSection
	GlobalSection(ExtensibilityGlobals) = postSolution
		SolutionGuid = {BAFEB130-5F91-41A4-8997-79BC75D4164D}
	EndGlobalSection
EndGlobal
