
Microsoft Visual Studio Solution File, Format Version 12.00
# Visual Studio 14
VisualStudioVersion = 14.0.24720.0
MinimumVisualStudioVersion = 10.0.40219.1
Project("{FAE04EC0-301F-11D3-BF4B-00C04F79EFBC}") = "TestProgramEventDeletAfter2", "TestProgramEventDeletAfter2\TestProgramEventDeletAfter2.csproj", "{DFB5D529-0638-4F95-BE77-488FB544B581}"
EndProject
Global
	GlobalSection(SolutionConfigurationPlatforms) = preSolution
		Debug|Any CPU = Debug|Any CPU
		Release|Any CPU = Release|Any CPU
	EndGlobalSection
	GlobalSection(ProjectConfigurationPlatforms) = postSolution
		{DFB5D529-0638-4F95-BE77-488FB544B581}.Debug|Any CPU.ActiveCfg = Debug|Any CPU
		{DFB5D529-0638-4F95-BE77-488FB544B581}.Debug|Any CPU.Build.0 = Debug|Any CPU
		{DFB5D529-0638-4F95-BE77-488FB544B581}.Release|Any CPU.ActiveCfg = Release|Any CPU
		{DFB5D529-0638-4F95-BE77-488FB544B581}.Release|Any CPU.Build.0 = Release|Any CPU
	EndGlobalSection
	GlobalSection(SolutionProperties) = preSolution
		HideSolutionNode = FALSE
	EndGlobalSection
EndGlobal
