
Microsoft Visual Studio Solution File, Format Version 12.00
# Visual Studio 15
VisualStudioVersion = 15.0.27703.2026
MinimumVisualStudioVersion = 10.0.40219.1
Project("{FAE04EC0-301F-11D3-BF4B-00C04F79EFBC}") = "ConsolePrgrmToTrening", "ConsolePrgrmToTrening\ConsolePrgrmToTrening.csproj", "{61F5B0EE-0AFD-41B8-9BA2-F2CB90368C3D}"
EndProject
Global
	GlobalSection(SolutionConfigurationPlatforms) = preSolution
		Debug|Any CPU = Debug|Any CPU
		Release|Any CPU = Release|Any CPU
	EndGlobalSection
	GlobalSection(ProjectConfigurationPlatforms) = postSolution
		{61F5B0EE-0AFD-41B8-9BA2-F2CB90368C3D}.Debug|Any CPU.ActiveCfg = Debug|Any CPU
		{61F5B0EE-0AFD-41B8-9BA2-F2CB90368C3D}.Debug|Any CPU.Build.0 = Debug|Any CPU
		{61F5B0EE-0AFD-41B8-9BA2-F2CB90368C3D}.Release|Any CPU.ActiveCfg = Release|Any CPU
		{61F5B0EE-0AFD-41B8-9BA2-F2CB90368C3D}.Release|Any CPU.Build.0 = Release|Any CPU
	EndGlobalSection
	GlobalSection(SolutionProperties) = preSolution
		HideSolutionNode = FALSE
	EndGlobalSection
	GlobalSection(ExtensibilityGlobals) = postSolution
		SolutionGuid = {7B670FD0-500C-4BA3-8B0A-F939FFD72DB0}
	EndGlobalSection
EndGlobal
