
Microsoft Visual Studio Solution File, Format Version 12.00
# Visual Studio 15
VisualStudioVersion = 15.0.28010.2036
MinimumVisualStudioVersion = 10.0.40219.1
Project("{FAE04EC0-301F-11D3-BF4B-00C04F79EFBC}") = "BrathLine", "BrathLine\BrathLine.csproj", "{80BC93C9-282F-4A61-83FA-636C43B6D6E8}"
EndProject
Global
	GlobalSection(SolutionConfigurationPlatforms) = preSolution
		Debug|Any CPU = Debug|Any CPU
		Release|Any CPU = Release|Any CPU
	EndGlobalSection
	GlobalSection(ProjectConfigurationPlatforms) = postSolution
		{80BC93C9-282F-4A61-83FA-636C43B6D6E8}.Debug|Any CPU.ActiveCfg = Debug|Any CPU
		{80BC93C9-282F-4A61-83FA-636C43B6D6E8}.Debug|Any CPU.Build.0 = Debug|Any CPU
		{80BC93C9-282F-4A61-83FA-636C43B6D6E8}.Release|Any CPU.ActiveCfg = Release|Any CPU
		{80BC93C9-282F-4A61-83FA-636C43B6D6E8}.Release|Any CPU.Build.0 = Release|Any CPU
	EndGlobalSection
	GlobalSection(SolutionProperties) = preSolution
		HideSolutionNode = FALSE
	EndGlobalSection
	GlobalSection(ExtensibilityGlobals) = postSolution
		SolutionGuid = {6E3A1EEF-3E63-4B0B-9A14-81078C178110}
	EndGlobalSection
EndGlobal
