
Microsoft Visual Studio Solution File, Format Version 12.00
# Visual Studio Version 16
VisualStudioVersion = 16.0.30320.27
MinimumVisualStudioVersion = 10.0.40219.1
Project("{FAE04EC0-301F-11D3-BF4B-00C04F79EFBC}") = "OneNeuroSimpleConverter", "OneNeuroSimpleConverter\OneNeuroSimpleConverter.csproj", "{B7D918E7-7751-4C88-A4E5-6DA23A79066D}"
EndProject
Global
	GlobalSection(SolutionConfigurationPlatforms) = preSolution
		Debug|Any CPU = Debug|Any CPU
		Release|Any CPU = Release|Any CPU
	EndGlobalSection
	GlobalSection(ProjectConfigurationPlatforms) = postSolution
		{B7D918E7-7751-4C88-A4E5-6DA23A79066D}.Debug|Any CPU.ActiveCfg = Debug|Any CPU
		{B7D918E7-7751-4C88-A4E5-6DA23A79066D}.Debug|Any CPU.Build.0 = Debug|Any CPU
		{B7D918E7-7751-4C88-A4E5-6DA23A79066D}.Release|Any CPU.ActiveCfg = Release|Any CPU
		{B7D918E7-7751-4C88-A4E5-6DA23A79066D}.Release|Any CPU.Build.0 = Release|Any CPU
	EndGlobalSection
	GlobalSection(SolutionProperties) = preSolution
		HideSolutionNode = FALSE
	EndGlobalSection
	GlobalSection(ExtensibilityGlobals) = postSolution
		SolutionGuid = {F395CFC8-2B0E-4037-876A-63FE2E62C675}
	EndGlobalSection
EndGlobal
