
Microsoft Visual Studio Solution File, Format Version 12.00
# Visual Studio 15
VisualStudioVersion = 15.0.27703.2026
MinimumVisualStudioVersion = 10.0.40219.1
Project("{FAE04EC0-301F-11D3-BF4B-00C04F79EFBC}") = "PatternObserver", "PatternObserver\PatternObserver.csproj", "{39363A9C-AFAA-44CE-8730-0A10F1C17F3D}"
EndProject
Global
	GlobalSection(SolutionConfigurationPlatforms) = preSolution
		Debug|Any CPU = Debug|Any CPU
		Release|Any CPU = Release|Any CPU
	EndGlobalSection
	GlobalSection(ProjectConfigurationPlatforms) = postSolution
		{39363A9C-AFAA-44CE-8730-0A10F1C17F3D}.Debug|Any CPU.ActiveCfg = Debug|Any CPU
		{39363A9C-AFAA-44CE-8730-0A10F1C17F3D}.Debug|Any CPU.Build.0 = Debug|Any CPU
		{39363A9C-AFAA-44CE-8730-0A10F1C17F3D}.Release|Any CPU.ActiveCfg = Release|Any CPU
		{39363A9C-AFAA-44CE-8730-0A10F1C17F3D}.Release|Any CPU.Build.0 = Release|Any CPU
	EndGlobalSection
	GlobalSection(SolutionProperties) = preSolution
		HideSolutionNode = FALSE
	EndGlobalSection
	GlobalSection(ExtensibilityGlobals) = postSolution
		SolutionGuid = {F1AE2615-4545-455B-B034-DC53E1EA322F}
	EndGlobalSection
EndGlobal
