
Microsoft Visual Studio Solution File, Format Version 12.00
# Visual Studio 15
VisualStudioVersion = 15.0.28010.2036
MinimumVisualStudioVersion = 10.0.40219.1
Project("{FAE04EC0-301F-11D3-BF4B-00C04F79EFBC}") = "4-3v13", "4-3v13\4-3v13.csproj", "{ADF3496B-41D6-4560-BBDB-D1AAC57D189D}"
EndProject
Global
	GlobalSection(SolutionConfigurationPlatforms) = preSolution
		Debug|Any CPU = Debug|Any CPU
		Release|Any CPU = Release|Any CPU
	EndGlobalSection
	GlobalSection(ProjectConfigurationPlatforms) = postSolution
		{ADF3496B-41D6-4560-BBDB-D1AAC57D189D}.Debug|Any CPU.ActiveCfg = Debug|Any CPU
		{ADF3496B-41D6-4560-BBDB-D1AAC57D189D}.Debug|Any CPU.Build.0 = Debug|Any CPU
		{ADF3496B-41D6-4560-BBDB-D1AAC57D189D}.Release|Any CPU.ActiveCfg = Release|Any CPU
		{ADF3496B-41D6-4560-BBDB-D1AAC57D189D}.Release|Any CPU.Build.0 = Release|Any CPU
	EndGlobalSection
	GlobalSection(SolutionProperties) = preSolution
		HideSolutionNode = FALSE
	EndGlobalSection
	GlobalSection(ExtensibilityGlobals) = postSolution
		SolutionGuid = {7BD94B72-4C9B-43C1-838B-53EB5DBF50EE}
	EndGlobalSection
EndGlobal
