
Microsoft Visual Studio Solution File, Format Version 12.00
# Visual Studio 2015
Project("{FAE04EC0-301F-11D3-BF4B-00C04F79EFBC}") = "Test30112017platformer2d", "Test30112017platformer2d.csproj", "{E34FCF98-9922-40AC-1856-E7E26985019D}"
EndProject
Global
	GlobalSection(SolutionConfigurationPlatforms) = preSolution
		Debug|Any CPU = Debug|Any CPU
		Release|Any CPU = Release|Any CPU
	EndGlobalSection
	GlobalSection(ProjectConfigurationPlatforms) = postSolution
		{E34FCF98-9922-40AC-1856-E7E26985019D}.Debug|Any CPU.ActiveCfg = Debug|Any CPU
		{E34FCF98-9922-40AC-1856-E7E26985019D}.Debug|Any CPU.Build.0 = Debug|Any CPU
		{E34FCF98-9922-40AC-1856-E7E26985019D}.Release|Any CPU.ActiveCfg = Release|Any CPU
		{E34FCF98-9922-40AC-1856-E7E26985019D}.Release|Any CPU.Build.0 = Release|Any CPU
	EndGlobalSection
	GlobalSection(SolutionProperties) = preSolution
		HideSolutionNode = FALSE
	EndGlobalSection
EndGlobal
