
Microsoft Visual Studio Solution File, Format Version 12.00
# Visual Studio 15
VisualStudioVersion = 15.0.28010.2036
MinimumVisualStudioVersion = 10.0.40219.1
Project("{FAE04EC0-301F-11D3-BF4B-00C04F79EFBC}") = "6-3v13", "6-3v13\6-3v13.csproj", "{B914DC59-3262-40BA-A717-01C247572E34}"
EndProject
Global
	GlobalSection(SolutionConfigurationPlatforms) = preSolution
		Debug|Any CPU = Debug|Any CPU
		Release|Any CPU = Release|Any CPU
	EndGlobalSection
	GlobalSection(ProjectConfigurationPlatforms) = postSolution
		{B914DC59-3262-40BA-A717-01C247572E34}.Debug|Any CPU.ActiveCfg = Debug|Any CPU
		{B914DC59-3262-40BA-A717-01C247572E34}.Debug|Any CPU.Build.0 = Debug|Any CPU
		{B914DC59-3262-40BA-A717-01C247572E34}.Release|Any CPU.ActiveCfg = Release|Any CPU
		{B914DC59-3262-40BA-A717-01C247572E34}.Release|Any CPU.Build.0 = Release|Any CPU
	EndGlobalSection
	GlobalSection(SolutionProperties) = preSolution
		HideSolutionNode = FALSE
	EndGlobalSection
	GlobalSection(ExtensibilityGlobals) = postSolution
		SolutionGuid = {E5B6AD61-E75D-461F-A1C0-FC467F7E1305}
	EndGlobalSection
EndGlobal
