
Microsoft Visual Studio Solution File, Format Version 12.00
# Visual Studio 15
VisualStudioVersion = 15.0.28010.2036
MinimumVisualStudioVersion = 10.0.40219.1
Project("{FAE04EC0-301F-11D3-BF4B-00C04F79EFBC}") = "Procent", "Procent\Procent.csproj", "{D46C2DB0-6797-4CA7-8996-44F6691F3D4C}"
EndProject
Global
	GlobalSection(SolutionConfigurationPlatforms) = preSolution
		Debug|Any CPU = Debug|Any CPU
		Release|Any CPU = Release|Any CPU
	EndGlobalSection
	GlobalSection(ProjectConfigurationPlatforms) = postSolution
		{D46C2DB0-6797-4CA7-8996-44F6691F3D4C}.Debug|Any CPU.ActiveCfg = Debug|Any CPU
		{D46C2DB0-6797-4CA7-8996-44F6691F3D4C}.Debug|Any CPU.Build.0 = Debug|Any CPU
		{D46C2DB0-6797-4CA7-8996-44F6691F3D4C}.Release|Any CPU.ActiveCfg = Release|Any CPU
		{D46C2DB0-6797-4CA7-8996-44F6691F3D4C}.Release|Any CPU.Build.0 = Release|Any CPU
	EndGlobalSection
	GlobalSection(SolutionProperties) = preSolution
		HideSolutionNode = FALSE
	EndGlobalSection
	GlobalSection(ExtensibilityGlobals) = postSolution
		SolutionGuid = {30E40CF6-F7E4-46A1-8181-C7AC24ECBBC3}
	EndGlobalSection
EndGlobal
