
Microsoft Visual Studio Solution File, Format Version 12.00
# Visual Studio Version 16
VisualStudioVersion = 16.0.29409.12
MinimumVisualStudioVersion = 10.0.40219.1
Project("{FAE04EC0-301F-11D3-BF4B-00C04F79EFBC}") = "IEnumerableTreiningApp1", "IEnumerableTreiningApp1\IEnumerableTreiningApp1.csproj", "{8AE09E7C-23A8-4AC8-A516-C0E7A14FEC67}"
EndProject
Global
	GlobalSection(SolutionConfigurationPlatforms) = preSolution
		Debug|Any CPU = Debug|Any CPU
		Release|Any CPU = Release|Any CPU
	EndGlobalSection
	GlobalSection(ProjectConfigurationPlatforms) = postSolution
		{8AE09E7C-23A8-4AC8-A516-C0E7A14FEC67}.Debug|Any CPU.ActiveCfg = Debug|Any CPU
		{8AE09E7C-23A8-4AC8-A516-C0E7A14FEC67}.Debug|Any CPU.Build.0 = Debug|Any CPU
		{8AE09E7C-23A8-4AC8-A516-C0E7A14FEC67}.Release|Any CPU.ActiveCfg = Release|Any CPU
		{8AE09E7C-23A8-4AC8-A516-C0E7A14FEC67}.Release|Any CPU.Build.0 = Release|Any CPU
	EndGlobalSection
	GlobalSection(SolutionProperties) = preSolution
		HideSolutionNode = FALSE
	EndGlobalSection
	GlobalSection(ExtensibilityGlobals) = postSolution
		SolutionGuid = {1B46AFD4-75F6-4833-A300-8E156932D120}
	EndGlobalSection
EndGlobal
